
Microsoft Visual Studio Solution File, Format Version 12.00
# Visual Studio Version 16
VisualStudioVersion = 16.0.30406.217
MinimumVisualStudioVersion = 10.0.40219.1
Project("{FAE04EC0-301F-11D3-BF4B-00C04F79EFBC}") = "CircleDock", "CircleDock\CircleDock.csproj", "{5AD603F2-828A-4714-8B60-CFF8D455A9CA}"
EndProject
Project("{FAE04EC0-301F-11D3-BF4B-00C04F79EFBC}") = "CircleDock.Tests", "CircleDock.Tests\CircleDock.Tests.csproj", "{76F39E0C-BD77-4F68-9A8E-A6F3A22F53DF}"
EndProject
Global
	GlobalSection(SolutionConfigurationPlatforms) = preSolution
		Debug|Any CPU = Debug|Any CPU
		Release|Any CPU = Release|Any CPU
	EndGlobalSection
	GlobalSection(ProjectConfigurationPlatforms) = postSolution
		{5AD603F2-828A-4714-8B60-CFF8D455A9CA}.Debug|Any CPU.ActiveCfg = Debug|Any CPU
		{5AD603F2-828A-4714-8B60-CFF8D455A9CA}.Debug|Any CPU.Build.0 = Debug|Any CPU
		{5AD603F2-828A-4714-8B60-CFF8D455A9CA}.Release|Any CPU.ActiveCfg = Release|Any CPU
		{5AD603F2-828A-4714-8B60-CFF8D455A9CA}.Release|Any CPU.Build.0 = Release|Any CPU
		{76F39E0C-BD77-4F68-9A8E-A6F3A22F53DF}.Debug|Any CPU.ActiveCfg = Debug|Any CPU
		{76F39E0C-BD77-4F68-9A8E-A6F3A22F53DF}.Debug|Any CPU.Build.0 = Debug|Any CPU
		{76F39E0C-BD77-4F68-9A8E-A6F3A22F53DF}.Release|Any CPU.ActiveCfg = Release|Any CPU
		{76F39E0C-BD77-4F68-9A8E-A6F3A22F53DF}.Release|Any CPU.Build.0 = Release|Any CPU
	EndGlobalSection
	GlobalSection(SolutionProperties) = preSolution
		HideSolutionNode = FALSE
	EndGlobalSection
	GlobalSection(ExtensibilityGlobals) = postSolution
		SolutionGuid = {921EFA99-D168-4F2C-B0DA-2111903864FD}
	EndGlobalSection
EndGlobal
